// !$*UTF8*$!
{
	archiveVersion = 1;
	classes = {
	};
	objectVersion = 50;
	objects = {

/* Begin PBXBuildFile section */
		4D6B777B215786CC00B6BDBF /* FilterViewController.m in Sources */ = {isa = PBXBuildFile; fileRef = 4D6B777A215786CC00B6BDBF /* FilterViewController.m */; };
		4DA5481221578E500022D6FA /* FilterTableViewCell.m in Sources */ = {isa = PBXBuildFile; fileRef = 4DA5481121578E500022D6FA /* FilterTableViewCell.m */; };
		4DA548142157C49D0022D6FA /* info.json in Resources */ = {isa = PBXBuildFile; fileRef = 4DA548132157C49D0022D6FA /* info.json */; };
		4DFEC65B2156B094008B6312 /* AppDelegate.m in Sources */ = {isa = PBXBuildFile; fileRef = 4DFEC65A2156B094008B6312 /* AppDelegate.m */; };
		4DFEC6612156B094008B6312 /* Main.storyboard in Resources */ = {isa = PBXBuildFile; fileRef = 4DFEC65F2156B094008B6312 /* Main.storyboard */; };
		4DFEC6632156B095008B6312 /* Assets.xcassets in Resources */ = {isa = PBXBuildFile; fileRef = 4DFEC6622156B095008B6312 /* Assets.xcassets */; };
		4DFEC6662156B095008B6312 /* LaunchScreen.storyboard in Resources */ = {isa = PBXBuildFile; fileRef = 4DFEC6642156B095008B6312 /* LaunchScreen.storyboard */; };
		4DFEC6692156B095008B6312 /* main.m in Sources */ = {isa = PBXBuildFile; fileRef = 4DFEC6682156B095008B6312 /* main.m */; };
		4DFEC6722156B14D008B6312 /* QuadTree.m in Sources */ = {isa = PBXBuildFile; fileRef = 4DFEC6712156B14D008B6312 /* QuadTree.m */; };
		4DFEC6752156C732008B6312 /* CoordinateQuadTree.m in Sources */ = {isa = PBXBuildFile; fileRef = 4DFEC6742156C732008B6312 /* CoordinateQuadTree.m */; };
		4DFEC6782156C767008B6312 /* MapKit.framework in Frameworks */ = {isa = PBXBuildFile; fileRef = 4DFEC6772156C767008B6312 /* MapKit.framework */; };
		4DFEC67A2156C76B008B6312 /* CoreLocation.framework in Frameworks */ = {isa = PBXBuildFile; fileRef = 4DFEC6792156C76B008B6312 /* CoreLocation.framework */; };
		4DFEC6902156D086008B6312 /* 2.json in Resources */ = {isa = PBXBuildFile; fileRef = 4DFEC67C2156D085008B6312 /* 2.json */; };
		4DFEC6912156D086008B6312 /* 4.json in Resources */ = {isa = PBXBuildFile; fileRef = 4DFEC67D2156D085008B6312 /* 4.json */; };
		4DFEC6922156D086008B6312 /* 31.json in Resources */ = {isa = PBXBuildFile; fileRef = 4DFEC67E2156D085008B6312 /* 31.json */; };
		4DFEC6932156D086008B6312 /* 34.json in Resources */ = {isa = PBXBuildFile; fileRef = 4DFEC67F2156D085008B6312 /* 34.json */; };
		4DFEC6942156D086008B6312 /* 10.json in Resources */ = {isa = PBXBuildFile; fileRef = 4DFEC6802156D085008B6312 /* 10.json */; };
		4DFEC6952156D086008B6312 /* 15.json in Resources */ = {isa = PBXBuildFile; fileRef = 4DFEC6812156D085008B6312 /* 15.json */; };
		4DFEC6962156D086008B6312 /* 50.json in Resources */ = {isa = PBXBuildFile; fileRef = 4DFEC6822156D085008B6312 /* 50.json */; };
		4DFEC6972156D086008B6312 /* 16.json in Resources */ = {isa = PBXBuildFile; fileRef = 4DFEC6832156D085008B6312 /* 16.json */; };
		4DFEC6982156D086008B6312 /* 48.json in Resources */ = {isa = PBXBuildFile; fileRef = 4DFEC6842156D086008B6312 /* 48.json */; };
		4DFEC6992156D086008B6312 /* 22.json in Resources */ = {isa = PBXBuildFile; fileRef = 4DFEC6852156D086008B6312 /* 22.json */; };
		4DFEC69A2156D086008B6312 /* 30.json in Resources */ = {isa = PBXBuildFile; fileRef = 4DFEC6862156D086008B6312 /* 30.json */; };
		4DFEC69B2156D086008B6312 /* 18.json in Resources */ = {isa = PBXBuildFile; fileRef = 4DFEC6872156D086008B6312 /* 18.json */; };
		4DFEC69C2156D086008B6312 /* 46.json in Resources */ = {isa = PBXBuildFile; fileRef = 4DFEC6882156D086008B6312 /* 46.json */; };
		4DFEC69D2156D086008B6312 /* 1.json in Resources */ = {isa = PBXBuildFile; fileRef = 4DFEC6892156D086008B6312 /* 1.json */; };
		4DFEC69E2156D086008B6312 /* 14.json in Resources */ = {isa = PBXBuildFile; fileRef = 4DFEC68A2156D086008B6312 /* 14.json */; };
		4DFEC69F2156D086008B6312 /* 3.json in Resources */ = {isa = PBXBuildFile; fileRef = 4DFEC68B2156D086008B6312 /* 3.json */; };
		4DFEC6A02156D086008B6312 /* 7.json in Resources */ = {isa = PBXBuildFile; fileRef = 4DFEC68C2156D086008B6312 /* 7.json */; };
		4DFEC6A12156D086008B6312 /* 32.json in Resources */ = {isa = PBXBuildFile; fileRef = 4DFEC68D2156D086008B6312 /* 32.json */; };
		4DFEC6A22156D086008B6312 /* 33.json in Resources */ = {isa = PBXBuildFile; fileRef = 4DFEC68E2156D086008B6312 /* 33.json */; };
		4DFEC6A32156D086008B6312 /* 24.json in Resources */ = {isa = PBXBuildFile; fileRef = 4DFEC68F2156D086008B6312 /* 24.json */; };
		4DFEC6A72156E7E3008B6312 /* MapViewController.m in Sources */ = {isa = PBXBuildFile; fileRef = 4DFEC6A62156E7E3008B6312 /* MapViewController.m */; };
		4DFEC6AA2156E9FF008B6312 /* IllnessCircle.m in Sources */ = {isa = PBXBuildFile; fileRef = 4DFEC6A92156E9FF008B6312 /* IllnessCircle.m */; };
/* End PBXBuildFile section */

/* Begin PBXFileReference section */
		4D6B7779215786CC00B6BDBF /* FilterViewController.h */ = {isa = PBXFileReference; lastKnownFileType = sourcecode.c.h; path = FilterViewController.h; sourceTree = "<group>"; };
		4D6B777A215786CC00B6BDBF /* FilterViewController.m */ = {isa = PBXFileReference; lastKnownFileType = sourcecode.c.objc; path = FilterViewController.m; sourceTree = "<group>"; };
		4DA5481021578E500022D6FA /* FilterTableViewCell.h */ = {isa = PBXFileReference; lastKnownFileType = sourcecode.c.h; path = FilterTableViewCell.h; sourceTree = "<group>"; };
		4DA5481121578E500022D6FA /* FilterTableViewCell.m */ = {isa = PBXFileReference; lastKnownFileType = sourcecode.c.objc; path = FilterTableViewCell.m; sourceTree = "<group>"; };
		4DA548132157C49D0022D6FA /* info.json */ = {isa = PBXFileReference; lastKnownFileType = text.json; path = info.json; sourceTree = "<group>"; };
		4DA548182157CB690022D6FA /* UIView+FindViewController.h */ = {isa = PBXFileReference; lastKnownFileType = sourcecode.c.h; path = "UIView+FindViewController.h"; sourceTree = "<group>"; };
		4DFEC6562156B094008B6312 /* CloudFlu.app */ = {isa = PBXFileReference; explicitFileType = wrapper.application; includeInIndex = 0; path = CloudFlu.app; sourceTree = BUILT_PRODUCTS_DIR; };
		4DFEC6592156B094008B6312 /* AppDelegate.h */ = {isa = PBXFileReference; lastKnownFileType = sourcecode.c.h; path = AppDelegate.h; sourceTree = "<group>"; };
		4DFEC65A2156B094008B6312 /* AppDelegate.m */ = {isa = PBXFileReference; lastKnownFileType = sourcecode.c.objc; path = AppDelegate.m; sourceTree = "<group>"; };
		4DFEC6602156B094008B6312 /* Base */ = {isa = PBXFileReference; lastKnownFileType = file.storyboard; name = Base; path = Base.lproj/Main.storyboard; sourceTree = "<group>"; };
		4DFEC6622156B095008B6312 /* Assets.xcassets */ = {isa = PBXFileReference; lastKnownFileType = folder.assetcatalog; path = Assets.xcassets; sourceTree = "<group>"; };
		4DFEC6652156B095008B6312 /* Base */ = {isa = PBXFileReference; lastKnownFileType = file.storyboard; name = Base; path = Base.lproj/LaunchScreen.storyboard; sourceTree = "<group>"; };
		4DFEC6672156B095008B6312 /* Info.plist */ = {isa = PBXFileReference; lastKnownFileType = text.plist.xml; path = Info.plist; sourceTree = "<group>"; };
		4DFEC6682156B095008B6312 /* main.m */ = {isa = PBXFileReference; lastKnownFileType = sourcecode.c.objc; path = main.m; sourceTree = "<group>"; };
		4DFEC6702156B14D008B6312 /* QuadTree.h */ = {isa = PBXFileReference; lastKnownFileType = sourcecode.c.h; path = QuadTree.h; sourceTree = "<group>"; };
		4DFEC6712156B14D008B6312 /* QuadTree.m */ = {isa = PBXFileReference; lastKnownFileType = sourcecode.c.objc; path = QuadTree.m; sourceTree = "<group>"; };
		4DFEC6732156C732008B6312 /* CoordinateQuadTree.h */ = {isa = PBXFileReference; lastKnownFileType = sourcecode.c.h; path = CoordinateQuadTree.h; sourceTree = "<group>"; };
		4DFEC6742156C732008B6312 /* CoordinateQuadTree.m */ = {isa = PBXFileReference; lastKnownFileType = sourcecode.c.objc; path = CoordinateQuadTree.m; sourceTree = "<group>"; };
		4DFEC6772156C767008B6312 /* MapKit.framework */ = {isa = PBXFileReference; lastKnownFileType = wrapper.framework; name = MapKit.framework; path = System/Library/Frameworks/MapKit.framework; sourceTree = SDKROOT; };
		4DFEC6792156C76B008B6312 /* CoreLocation.framework */ = {isa = PBXFileReference; lastKnownFileType = wrapper.framework; name = CoreLocation.framework; path = System/Library/Frameworks/CoreLocation.framework; sourceTree = SDKROOT; };
		4DFEC67C2156D085008B6312 /* 2.json */ = {isa = PBXFileReference; fileEncoding = 4; lastKnownFileType = text.json; path = 2.json; sourceTree = "<group>"; };
		4DFEC67D2156D085008B6312 /* 4.json */ = {isa = PBXFileReference; fileEncoding = 4; lastKnownFileType = text.json; path = 4.json; sourceTree = "<group>"; };
		4DFEC67E2156D085008B6312 /* 31.json */ = {isa = PBXFileReference; fileEncoding = 4; lastKnownFileType = text.json; path = 31.json; sourceTree = "<group>"; };
		4DFEC67F2156D085008B6312 /* 34.json */ = {isa = PBXFileReference; fileEncoding = 4; lastKnownFileType = text.json; path = 34.json; sourceTree = "<group>"; };
		4DFEC6802156D085008B6312 /* 10.json */ = {isa = PBXFileReference; fileEncoding = 4; lastKnownFileType = text.json; path = 10.json; sourceTree = "<group>"; };
		4DFEC6812156D085008B6312 /* 15.json */ = {isa = PBXFileReference; fileEncoding = 4; lastKnownFileType = text.json; path = 15.json; sourceTree = "<group>"; };
		4DFEC6822156D085008B6312 /* 50.json */ = {isa = PBXFileReference; fileEncoding = 4; lastKnownFileType = text.json; path = 50.json; sourceTree = "<group>"; };
		4DFEC6832156D085008B6312 /* 16.json */ = {isa = PBXFileReference; fileEncoding = 4; lastKnownFileType = text.json; path = 16.json; sourceTree = "<group>"; };
		4DFEC6842156D086008B6312 /* 48.json */ = {isa = PBXFileReference; fileEncoding = 4; lastKnownFileType = text.json; path = 48.json; sourceTree = "<group>"; };
		4DFEC6852156D086008B6312 /* 22.json */ = {isa = PBXFileReference; fileEncoding = 4; lastKnownFileType = text.json; path = 22.json; sourceTree = "<group>"; };
		4DFEC6862156D086008B6312 /* 30.json */ = {isa = PBXFileReference; fileEncoding = 4; lastKnownFileType = text.json; path = 30.json; sourceTree = "<group>"; };
		4DFEC6872156D086008B6312 /* 18.json */ = {isa = PBXFileReference; fileEncoding = 4; lastKnownFileType = text.json; path = 18.json; sourceTree = "<group>"; };
		4DFEC6882156D086008B6312 /* 46.json */ = {isa = PBXFileReference; fileEncoding = 4; lastKnownFileType = text.json; path = 46.json; sourceTree = "<group>"; };
		4DFEC6892156D086008B6312 /* 1.json */ = {isa = PBXFileReference; fileEncoding = 4; lastKnownFileType = text.json; path = 1.json; sourceTree = "<group>"; };
		4DFEC68A2156D086008B6312 /* 14.json */ = {isa = PBXFileReference; fileEncoding = 4; lastKnownFileType = text.json; path = 14.json; sourceTree = "<group>"; };
		4DFEC68B2156D086008B6312 /* 3.json */ = {isa = PBXFileReference; fileEncoding = 4; lastKnownFileType = text.json; path = 3.json; sourceTree = "<group>"; };
		4DFEC68C2156D086008B6312 /* 7.json */ = {isa = PBXFileReference; fileEncoding = 4; lastKnownFileType = text.json; path = 7.json; sourceTree = "<group>"; };
		4DFEC68D2156D086008B6312 /* 32.json */ = {isa = PBXFileReference; fileEncoding = 4; lastKnownFileType = text.json; path = 32.json; sourceTree = "<group>"; };
		4DFEC68E2156D086008B6312 /* 33.json */ = {isa = PBXFileReference; fileEncoding = 4; lastKnownFileType = text.json; path = 33.json; sourceTree = "<group>"; };
		4DFEC68F2156D086008B6312 /* 24.json */ = {isa = PBXFileReference; fileEncoding = 4; lastKnownFileType = text.json; path = 24.json; sourceTree = "<group>"; };
		4DFEC6A42156E700008B6312 /* CoordinateQuadTreeControllerDelegate.h */ = {isa = PBXFileReference; lastKnownFileType = sourcecode.c.h; path = CoordinateQuadTreeControllerDelegate.h; sourceTree = "<group>"; };
		4DFEC6A52156E7E3008B6312 /* MapViewController.h */ = {isa = PBXFileReference; lastKnownFileType = sourcecode.c.h; path = MapViewController.h; sourceTree = "<group>"; };
		4DFEC6A62156E7E3008B6312 /* MapViewController.m */ = {isa = PBXFileReference; lastKnownFileType = sourcecode.c.objc; path = MapViewController.m; sourceTree = "<group>"; };
		4DFEC6A82156E9FF008B6312 /* IllnessCircle.h */ = {isa = PBXFileReference; lastKnownFileType = sourcecode.c.h; path = IllnessCircle.h; sourceTree = "<group>"; };
		4DFEC6A92156E9FF008B6312 /* IllnessCircle.m */ = {isa = PBXFileReference; lastKnownFileType = sourcecode.c.objc; path = IllnessCircle.m; sourceTree = "<group>"; };
/* End PBXFileReference section */

/* Begin PBXFrameworksBuildPhase section */
		4DFEC6532156B094008B6312 /* Frameworks */ = {
			isa = PBXFrameworksBuildPhase;
			buildActionMask = 2147483647;
			files = (
				4DFEC67A2156C76B008B6312 /* CoreLocation.framework in Frameworks */,
				4DFEC6782156C767008B6312 /* MapKit.framework in Frameworks */,
			);
			runOnlyForDeploymentPostprocessing = 0;
		};
/* End PBXFrameworksBuildPhase section */

/* Begin PBXGroup section */
		4DFEC64D2156B094008B6312 = {
			isa = PBXGroup;
			children = (
				4DFEC6582156B094008B6312 /* CloudFlu */,
				4DFEC6572156B094008B6312 /* Products */,
				4DFEC6762156C766008B6312 /* Frameworks */,
			);
			sourceTree = "<group>";
		};
		4DFEC6572156B094008B6312 /* Products */ = {
			isa = PBXGroup;
			children = (
				4DFEC6562156B094008B6312 /* CloudFlu.app */,
			);
			name = Products;
			sourceTree = "<group>";
		};
		4DFEC6582156B094008B6312 /* CloudFlu */ = {
			isa = PBXGroup;
			children = (
				4DFEC6592156B094008B6312 /* AppDelegate.h */,
				4DFEC65A2156B094008B6312 /* AppDelegate.m */,
				4DFEC6A52156E7E3008B6312 /* MapViewController.h */,
				4DFEC6A62156E7E3008B6312 /* MapViewController.m */,
				4D6B7779215786CC00B6BDBF /* FilterViewController.h */,
				4D6B777A215786CC00B6BDBF /* FilterViewController.m */,
				4DA5481021578E500022D6FA /* FilterTableViewCell.h */,
				4DA5481121578E500022D6FA /* FilterTableViewCell.m */,
				4DA548182157CB690022D6FA /* UIView+FindViewController.h */,
				4DFEC6AB2156EB3F008B6312 /* IllnessCircle */,
				4DFEC67B2156CA97008B6312 /* Fallback Data */,
				4DFEC66F2156B0F6008B6312 /* QuadTree */,
				4DFEC65F2156B094008B6312 /* Main.storyboard */,
				4DFEC6622156B095008B6312 /* Assets.xcassets */,
				4DFEC6642156B095008B6312 /* LaunchScreen.storyboard */,
				4DFEC6672156B095008B6312 /* Info.plist */,
				4DFEC6682156B095008B6312 /* main.m */,
			);
			path = CloudFlu;
			sourceTree = "<group>";
		};
		4DFEC66F2156B0F6008B6312 /* QuadTree */ = {
			isa = PBXGroup;
			children = (
				4DFEC6702156B14D008B6312 /* QuadTree.h */,
				4DFEC6712156B14D008B6312 /* QuadTree.m */,
				4DFEC6732156C732008B6312 /* CoordinateQuadTree.h */,
				4DFEC6742156C732008B6312 /* CoordinateQuadTree.m */,
				4DFEC6A42156E700008B6312 /* CoordinateQuadTreeControllerDelegate.h */,
			);
			path = QuadTree;
			sourceTree = "<group>";
		};
		4DFEC6762156C766008B6312 /* Frameworks */ = {
			isa = PBXGroup;
			children = (
				4DFEC6792156C76B008B6312 /* CoreLocation.framework */,
				4DFEC6772156C767008B6312 /* MapKit.framework */,
			);
			name = Frameworks;
			sourceTree = "<group>";
		};
		4DFEC67B2156CA97008B6312 /* Fallback Data */ = {
			isa = PBXGroup;
			children = (
				4DFEC6892156D086008B6312 /* 1.json */,
				4DFEC67C2156D085008B6312 /* 2.json */,
				4DFEC68B2156D086008B6312 /* 3.json */,
				4DFEC67D2156D085008B6312 /* 4.json */,
				4DFEC68C2156D086008B6312 /* 7.json */,
				4DFEC6802156D085008B6312 /* 10.json */,
				4DFEC68A2156D086008B6312 /* 14.json */,
				4DFEC6812156D085008B6312 /* 15.json */,
				4DFEC6832156D085008B6312 /* 16.json */,
				4DFEC6872156D086008B6312 /* 18.json */,
				4DFEC6852156D086008B6312 /* 22.json */,
				4DFEC68F2156D086008B6312 /* 24.json */,
				4DFEC6862156D086008B6312 /* 30.json */,
				4DFEC67E2156D085008B6312 /* 31.json */,
				4DFEC68D2156D086008B6312 /* 32.json */,
				4DFEC68E2156D086008B6312 /* 33.json */,
				4DFEC67F2156D085008B6312 /* 34.json */,
				4DFEC6882156D086008B6312 /* 46.json */,
				4DFEC6842156D086008B6312 /* 48.json */,
				4DFEC6822156D085008B6312 /* 50.json */,
				4DA548132157C49D0022D6FA /* info.json */,
			);
			path = "Fallback Data";
			sourceTree = "<group>";
		};
		4DFEC6AB2156EB3F008B6312 /* IllnessCircle */ = {
			isa = PBXGroup;
			children = (
				4DFEC6A82156E9FF008B6312 /* IllnessCircle.h */,
				4DFEC6A92156E9FF008B6312 /* IllnessCircle.m */,
			);
			path = IllnessCircle;
			sourceTree = "<group>";
		};
/* End PBXGroup section */

/* Begin PBXNativeTarget section */
		4DFEC6552156B094008B6312 /* CloudFlu */ = {
			isa = PBXNativeTarget;
			buildConfigurationList = 4DFEC66C2156B095008B6312 /* Build configuration list for PBXNativeTarget "CloudFlu" */;
			buildPhases = (
				4DFEC6522156B094008B6312 /* Sources */,
				4DFEC6532156B094008B6312 /* Frameworks */,
				4DFEC6542156B094008B6312 /* Resources */,
			);
			buildRules = (
			);
			dependencies = (
			);
			name = CloudFlu;
			productName = CloudFlu;
			productReference = 4DFEC6562156B094008B6312 /* CloudFlu.app */;
			productType = "com.apple.product-type.application";
		};
/* End PBXNativeTarget section */

/* Begin PBXProject section */
		4DFEC64E2156B094008B6312 /* Project object */ = {
			isa = PBXProject;
			attributes = {
				LastUpgradeCheck = 0940;
				ORGANIZATIONNAME = "Mark Lagae";
				TargetAttributes = {
					4DFEC6552156B094008B6312 = {
						CreatedOnToolsVersion = 9.4.1;
					};
				};
			};
			buildConfigurationList = 4DFEC6512156B094008B6312 /* Build configuration list for PBXProject "CloudFlu" */;
			compatibilityVersion = "Xcode 9.3";
			developmentRegion = en;
			hasScannedForEncodings = 0;
			knownRegions = (
				en,
				Base,
			);
			mainGroup = 4DFEC64D2156B094008B6312;
			productRefGroup = 4DFEC6572156B094008B6312 /* Products */;
			projectDirPath = "";
			projectRoot = "";
			targets = (
				4DFEC6552156B094008B6312 /* CloudFlu */,
			);
		};
/* End PBXProject section */

/* Begin PBXResourcesBuildPhase section */
		4DFEC6542156B094008B6312 /* Resources */ = {
			isa = PBXResourcesBuildPhase;
			buildActionMask = 2147483647;
			files = (
				4DFEC69F2156D086008B6312 /* 3.json in Resources */,
				4DFEC6A32156D086008B6312 /* 24.json in Resources */,
				4DFEC69E2156D086008B6312 /* 14.json in Resources */,
				4DFEC6942156D086008B6312 /* 10.json in Resources */,
				4DFEC6912156D086008B6312 /* 4.json in Resources */,
				4DA548142157C49D0022D6FA /* info.json in Resources */,
				4DFEC6902156D086008B6312 /* 2.json in Resources */,
				4DFEC6A02156D086008B6312 /* 7.json in Resources */,
				4DFEC6982156D086008B6312 /* 48.json in Resources */,
				4DFEC6972156D086008B6312 /* 16.json in Resources */,
				4DFEC6662156B095008B6312 /* LaunchScreen.storyboard in Resources */,
				4DFEC6A12156D086008B6312 /* 32.json in Resources */,
				4DFEC69B2156D086008B6312 /* 18.json in Resources */,
				4DFEC6922156D086008B6312 /* 31.json in Resources */,
				4DFEC69D2156D086008B6312 /* 1.json in Resources */,
				4DFEC6632156B095008B6312 /* Assets.xcassets in Resources */,
				4DFEC69C2156D086008B6312 /* 46.json in Resources */,
				4DFEC6992156D086008B6312 /* 22.json in Resources */,
				4DFEC6962156D086008B6312 /* 50.json in Resources */,
				4DFEC6952156D086008B6312 /* 15.json in Resources */,
				4DFEC6612156B094008B6312 /* Main.storyboard in Resources */,
				4DFEC69A2156D086008B6312 /* 30.json in Resources */,
				4DFEC6932156D086008B6312 /* 34.json in Resources */,
				4DFEC6A22156D086008B6312 /* 33.json in Resources */,
			);
			runOnlyForDeploymentPostprocessing = 0;
		};
/* End PBXResourcesBuildPhase section */

/* Begin PBXSourcesBuildPhase section */
		4DFEC6522156B094008B6312 /* Sources */ = {
			isa = PBXSourcesBuildPhase;
			buildActionMask = 2147483647;
			files = (
				4DFEC6AA2156E9FF008B6312 /* IllnessCircle.m in Sources */,
				4DA5481221578E500022D6FA /* FilterTableViewCell.m in Sources */,
				4DFEC6722156B14D008B6312 /* QuadTree.m in Sources */,
				4DFEC6692156B095008B6312 /* main.m in Sources */,
				4DFEC6A72156E7E3008B6312 /* MapViewController.m in Sources */,
				4D6B777B215786CC00B6BDBF /* FilterViewController.m in Sources */,
				4DFEC65B2156B094008B6312 /* AppDelegate.m in Sources */,
				4DFEC6752156C732008B6312 /* CoordinateQuadTree.m in Sources */,
			);
			runOnlyForDeploymentPostprocessing = 0;
		};
/* End PBXSourcesBuildPhase section */

/* Begin PBXVariantGroup section */
		4DFEC65F2156B094008B6312 /* Main.storyboard */ = {
			isa = PBXVariantGroup;
			children = (
				4DFEC6602156B094008B6312 /* Base */,
			);
			name = Main.storyboard;
			sourceTree = "<group>";
		};
		4DFEC6642156B095008B6312 /* LaunchScreen.storyboard */ = {
			isa = PBXVariantGroup;
			children = (
				4DFEC6652156B095008B6312 /* Base */,
			);
			name = LaunchScreen.storyboard;
			sourceTree = "<group>";
		};
/* End PBXVariantGroup section */

/* Begin XCBuildConfiguration section */
		4DFEC66A2156B095008B6312 /* Debug */ = {
			isa = XCBuildConfiguration;
			buildSettings = {
				ALWAYS_SEARCH_USER_PATHS = NO;
				CLANG_ANALYZER_NONNULL = YES;
				CLANG_ANALYZER_NUMBER_OBJECT_CONVERSION = YES_AGGRESSIVE;
				CLANG_CXX_LANGUAGE_STANDARD = "gnu++14";
				CLANG_CXX_LIBRARY = "libc++";
				CLANG_ENABLE_MODULES = YES;
				CLANG_ENABLE_OBJC_ARC = YES;
				CLANG_ENABLE_OBJC_WEAK = YES;
				CLANG_WARN_BLOCK_CAPTURE_AUTORELEASING = YES;
				CLANG_WARN_BOOL_CONVERSION = YES;
				CLANG_WARN_COMMA = YES;
				CLANG_WARN_CONSTANT_CONVERSION = YES;
				CLANG_WARN_DEPRECATED_OBJC_IMPLEMENTATIONS = YES;
				CLANG_WARN_DIRECT_OBJC_ISA_USAGE = YES_ERROR;
				CLANG_WARN_DOCUMENTATION_COMMENTS = YES;
				CLANG_WARN_EMPTY_BODY = YES;
				CLANG_WARN_ENUM_CONVERSION = YES;
				CLANG_WARN_INFINITE_RECURSION = YES;
				CLANG_WARN_INT_CONVERSION = YES;
				CLANG_WARN_NON_LITERAL_NULL_CONVERSION = YES;
				CLANG_WARN_OBJC_IMPLICIT_RETAIN_SELF = YES;
				CLANG_WARN_OBJC_LITERAL_CONVERSION = YES;
				CLANG_WARN_OBJC_ROOT_CLASS = YES_ERROR;
				CLANG_WARN_RANGE_LOOP_ANALYSIS = YES;
				CLANG_WARN_STRICT_PROTOTYPES = YES;
				CLANG_WARN_SUSPICIOUS_MOVE = YES;
				CLANG_WARN_UNGUARDED_AVAILABILITY = YES_AGGRESSIVE;
				CLANG_WARN_UNREACHABLE_CODE = YES;
				CLANG_WARN__DUPLICATE_METHOD_MATCH = YES;
				CODE_SIGN_IDENTITY = "iPhone Developer";
				COPY_PHASE_STRIP = NO;
				DEBUG_INFORMATION_FORMAT = dwarf;
				ENABLE_STRICT_OBJC_MSGSEND = YES;
				ENABLE_TESTABILITY = YES;
				GCC_C_LANGUAGE_STANDARD = gnu11;
				GCC_DYNAMIC_NO_PIC = NO;
				GCC_NO_COMMON_BLOCKS = YES;
				GCC_OPTIMIZATION_LEVEL = 0;
				GCC_PREPROCESSOR_DEFINITIONS = (
					"DEBUG=1",
					"$(inherited)",
				);
				GCC_WARN_64_TO_32_BIT_CONVERSION = YES;
				GCC_WARN_ABOUT_RETURN_TYPE = YES_ERROR;
				GCC_WARN_UNDECLARED_SELECTOR = YES;
				GCC_WARN_UNINITIALIZED_AUTOS = YES_AGGRESSIVE;
				GCC_WARN_UNUSED_FUNCTION = YES;
				GCC_WARN_UNUSED_VARIABLE = YES;
				IPHONEOS_DEPLOYMENT_TARGET = 11.4;
				MTL_ENABLE_DEBUG_INFO = YES;
				ONLY_ACTIVE_ARCH = YES;
				SDKROOT = iphoneos;
			};
			name = Debug;
		};
		4DFEC66B2156B095008B6312 /* Release */ = {
			isa = XCBuildConfiguration;
			buildSettings = {
				ALWAYS_SEARCH_USER_PATHS = NO;
				CLANG_ANALYZER_NONNULL = YES;
				CLANG_ANALYZER_NUMBER_OBJECT_CONVERSION = YES_AGGRESSIVE;
				CLANG_CXX_LANGUAGE_STANDARD = "gnu++14";
				CLANG_CXX_LIBRARY = "libc++";
				CLANG_ENABLE_MODULES = YES;
				CLANG_ENABLE_OBJC_ARC = YES;
				CLANG_ENABLE_OBJC_WEAK = YES;
				CLANG_WARN_BLOCK_CAPTURE_AUTORELEASING = YES;
				CLANG_WARN_BOOL_CONVERSION = YES;
				CLANG_WARN_COMMA = YES;
				CLANG_WARN_CONSTANT_CONVERSION = YES;
				CLANG_WARN_DEPRECATED_OBJC_IMPLEMENTATIONS = YES;
				CLANG_WARN_DIRECT_OBJC_ISA_USAGE = YES_ERROR;
				CLANG_WARN_DOCUMENTATION_COMMENTS = YES;
				CLANG_WARN_EMPTY_BODY = YES;
				CLANG_WARN_ENUM_CONVERSION = YES;
				CLANG_WARN_INFINITE_RECURSION = YES;
				CLANG_WARN_INT_CONVERSION = YES;
				CLANG_WARN_NON_LITERAL_NULL_CONVERSION = YES;
				CLANG_WARN_OBJC_IMPLICIT_RETAIN_SELF = YES;
				CLANG_WARN_OBJC_LITERAL_CONVERSION = YES;
				CLANG_WARN_OBJC_ROOT_CLASS = YES_ERROR;
				CLANG_WARN_RANGE_LOOP_ANALYSIS = YES;
				CLANG_WARN_STRICT_PROTOTYPES = YES;
				CLANG_WARN_SUSPICIOUS_MOVE = YES;
				CLANG_WARN_UNGUARDED_AVAILABILITY = YES_AGGRESSIVE;
				CLANG_WARN_UNREACHABLE_CODE = YES;
				CLANG_WARN__DUPLICATE_METHOD_MATCH = YES;
				CODE_SIGN_IDENTITY = "iPhone Developer";
				COPY_PHASE_STRIP = NO;
				DEBUG_INFORMATION_FORMAT = "dwarf-with-dsym";
				ENABLE_NS_ASSERTIONS = NO;
				ENABLE_STRICT_OBJC_MSGSEND = YES;
				GCC_C_LANGUAGE_STANDARD = gnu11;
				GCC_NO_COMMON_BLOCKS = YES;
				GCC_WARN_64_TO_32_BIT_CONVERSION = YES;
				GCC_WARN_ABOUT_RETURN_TYPE = YES_ERROR;
				GCC_WARN_UNDECLARED_SELECTOR = YES;
				GCC_WARN_UNINITIALIZED_AUTOS = YES_AGGRESSIVE;
				GCC_WARN_UNUSED_FUNCTION = YES;
				GCC_WARN_UNUSED_VARIABLE = YES;
				IPHONEOS_DEPLOYMENT_TARGET = 11.4;
				MTL_ENABLE_DEBUG_INFO = NO;
				SDKROOT = iphoneos;
				VALIDATE_PRODUCT = YES;
			};
			name = Release;
		};
		4DFEC66D2156B095008B6312 /* Debug */ = {
			isa = XCBuildConfiguration;
			buildSettings = {
				ASSETCATALOG_COMPILER_APPICON_NAME = AppIcon;
				CODE_SIGN_STYLE = Automatic;
				DEVELOPMENT_TEAM = QCCRA973W5;
				INFOPLIST_FILE = CloudFlu/Info.plist;
				LD_RUNPATH_SEARCH_PATHS = (
					"$(inherited)",
					"@executable_path/Frameworks",
				);
				PRODUCT_BUNDLE_IDENTIFIER = com.marklagae.CloudFlu;
				PRODUCT_NAME = "$(TARGET_NAME)";
				TARGETED_DEVICE_FAMILY = "1,2";
			};
			name = Debug;
		};
		4DFEC66E2156B095008B6312 /* Release */ = {
			isa = XCBuildConfiguration;
			buildSettings = {
				ASSETCATALOG_COMPILER_APPICON_NAME = AppIcon;
				CODE_SIGN_STYLE = Automatic;
				DEVELOPMENT_TEAM = QCCRA973W5;
				INFOPLIST_FILE = CloudFlu/Info.plist;
				LD_RUNPATH_SEARCH_PATHS = (
					"$(inherited)",
					"@executable_path/Frameworks",
				);
				PRODUCT_BUNDLE_IDENTIFIER = com.marklagae.CloudFlu;
				PRODUCT_NAME = "$(TARGET_NAME)";
				TARGETED_DEVICE_FAMILY = "1,2";
			};
			name = Release;
		};
/* End XCBuildConfiguration section */

/* Begin XCConfigurationList section */
		4DFEC6512156B094008B6312 /* Build configuration list for PBXProject "CloudFlu" */ = {
			isa = XCConfigurationList;
			buildConfigurations = (
				4DFEC66A2156B095008B6312 /* Debug */,
				4DFEC66B2156B095008B6312 /* Release */,
			);
			defaultConfigurationIsVisible = 0;
			defaultConfigurationName = Release;
		};
		4DFEC66C2156B095008B6312 /* Build configuration list for PBXNativeTarget "CloudFlu" */ = {
			isa = XCConfigurationList;
			buildConfigurations = (
				4DFEC66D2156B095008B6312 /* Debug */,
				4DFEC66E2156B095008B6312 /* Release */,
			);
			defaultConfigurationIsVisible = 0;
			defaultConfigurationName = Release;
		};
/* End XCConfigurationList section */
	};
	rootObject = 4DFEC64E2156B094008B6312 /* Project object */;
}
